// !$*UTF8*$!
{
	archiveVersion = 1;
	classes = {
	};
	objectVersion = 50;
	objects = {

/* Begin PBXBuildFile section */
		FB2D972D26A06A0B0027FE06 /* P12981.swift in Sources */ = {isa = PBXBuildFile; fileRef = FB2D972C26A06A0B0027FE06 /* P12981.swift */; };
		FB2D972F26A1BA880027FE06 /* Array+Combination.swift in Sources */ = {isa = PBXBuildFile; fileRef = FB2D972E26A1BA880027FE06 /* Array+Combination.swift */; };
		FB2D973326A1C7260027FE06 /* P42890.swift in Sources */ = {isa = PBXBuildFile; fileRef = FB2D973226A1C7260027FE06 /* P42890.swift */; };
		FB2D973526A3C6400027FE06 /* P42583.swift in Sources */ = {isa = PBXBuildFile; fileRef = FB2D973426A3C6400027FE06 /* P42583.swift */; };
		FB2D973726A59A470027FE06 /* P12978.swift in Sources */ = {isa = PBXBuildFile; fileRef = FB2D973626A59A470027FE06 /* P12978.swift */; };
		FB2D973926B29F380027FE06 /* P72412.swift in Sources */ = {isa = PBXBuildFile; fileRef = FB2D973826B29F380027FE06 /* P72412.swift */; };
		FB2D973B26B29F730027FE06 /* Array+BinarySearch.swift in Sources */ = {isa = PBXBuildFile; fileRef = FB2D973A26B29F730027FE06 /* Array+BinarySearch.swift */; };
		FB2D973F26B3F2C30027FE06 /* P64065.swift in Sources */ = {isa = PBXBuildFile; fileRef = FB2D973E26B3F2C30027FE06 /* P64065.swift */; };
		FB2D974326B7E1A30027FE06 /* P12913.swift in Sources */ = {isa = PBXBuildFile; fileRef = FB2D974226B7E1A30027FE06 /* P12913.swift */; };
		FB2D974526B975B60027FE06 /* P17680.swift in Sources */ = {isa = PBXBuildFile; fileRef = FB2D974426B975B60027FE06 /* P17680.swift */; };
		FB2D974726BADE100027FE06 /* P12980.swift in Sources */ = {isa = PBXBuildFile; fileRef = FB2D974626BADE100027FE06 /* P12980.swift */; };
		FB2D974926BBF9540027FE06 /* P12905.swift in Sources */ = {isa = PBXBuildFile; fileRef = FB2D974826BBF9540027FE06 /* P12905.swift */; };
		FB2D974B26BD469F0027FE06 /* P82612.swift in Sources */ = {isa = PBXBuildFile; fileRef = FB2D974A26BD469F0027FE06 /* P82612.swift */; };
		FB2D974D26C292660027FE06 /* P83201.swift in Sources */ = {isa = PBXBuildFile; fileRef = FB2D974C26C292660027FE06 /* P83201.swift */; };
		FB2D974F26C51FFB0027FE06 /* P17687.swift in Sources */ = {isa = PBXBuildFile; fileRef = FB2D974E26C51FFB0027FE06 /* P17687.swift */; };
		FB2D975126C6BB360027FE06 /* P17686.swift in Sources */ = {isa = PBXBuildFile; fileRef = FB2D975026C6BB360027FE06 /* P17686.swift */; };
		FB2D975326C788710027FE06 /* Vivalavida.swift in Sources */ = {isa = PBXBuildFile; fileRef = FB2D975226C788710027FE06 /* Vivalavida.swift */; };
		FB2D975526CBB95D0027FE06 /* P17684.swift in Sources */ = {isa = PBXBuildFile; fileRef = FB2D975426CBB95D0027FE06 /* P17684.swift */; };
		FB2D975726CBDF450027FE06 /* P17683.swift in Sources */ = {isa = PBXBuildFile; fileRef = FB2D975626CBDF450027FE06 /* P17683.swift */; };
		FB5717E42691FF65005A448A /* main.swift in Sources */ = {isa = PBXBuildFile; fileRef = FB5717E32691FF65005A448A /* main.swift */; };
		FB5717ED2692033E005A448A /* P60057.swift in Sources */ = {isa = PBXBuildFile; fileRef = FB5717EC2692033E005A448A /* P60057.swift */; };
		FB5717EF26920408005A448A /* P64061.swift in Sources */ = {isa = PBXBuildFile; fileRef = FB5717EE26920408005A448A /* P64061.swift */; };
		FB5717F126920468005A448A /* P17682.swift in Sources */ = {isa = PBXBuildFile; fileRef = FB5717F026920468005A448A /* P17682.swift */; };
		FB5717F326920480005A448A /* P67256.swift in Sources */ = {isa = PBXBuildFile; fileRef = FB5717F226920480005A448A /* P67256.swift */; };
		FB5717F526920497005A448A /* P70128.swift in Sources */ = {isa = PBXBuildFile; fileRef = FB5717F426920497005A448A /* P70128.swift */; };
		FB5717F7269204B2005A448A /* P12977.swift in Sources */ = {isa = PBXBuildFile; fileRef = FB5717F6269204B2005A448A /* P12977.swift */; };
		FB5717F9269204CC005A448A /* Int+isPrime.swift in Sources */ = {isa = PBXBuildFile; fileRef = FB5717F8269204CC005A448A /* Int+isPrime.swift */; };
		FB5717FB26920512005A448A /* P72410.swift in Sources */ = {isa = PBXBuildFile; fileRef = FB5717FA26920512005A448A /* P72410.swift */; };
		FB5717FD2692053B005A448A /* P77484.swift in Sources */ = {isa = PBXBuildFile; fileRef = FB5717FC2692053B005A448A /* P77484.swift */; };
		FB5717FF2692059C005A448A /* P76501.swift in Sources */ = {isa = PBXBuildFile; fileRef = FB5717FE2692059C005A448A /* P76501.swift */; };
		FB571801269205C1005A448A /* P77884.swift in Sources */ = {isa = PBXBuildFile; fileRef = FB571800269205C1005A448A /* P77884.swift */; };
		FB571803269205E5005A448A /* P68935.swift in Sources */ = {isa = PBXBuildFile; fileRef = FB571802269205E5005A448A /* P68935.swift */; };
		FB5718052692060D005A448A /* P68644.swift in Sources */ = {isa = PBXBuildFile; fileRef = FB5718042692060D005A448A /* P68644.swift */; };
		FB5718072692062F005A448A /* P17681.swift in Sources */ = {isa = PBXBuildFile; fileRef = FB5718062692062F005A448A /* P17681.swift */; };
		FB57180926920648005A448A /* P12973.swift in Sources */ = {isa = PBXBuildFile; fileRef = FB57180826920648005A448A /* P12973.swift */; };
		FB57180D26920EFF005A448A /* P17677.swift in Sources */ = {isa = PBXBuildFile; fileRef = FB57180C26920EFF005A448A /* P17677.swift */; };
		FB57180F26949330005A448A /* P62048.swift in Sources */ = {isa = PBXBuildFile; fileRef = FB57180E26949330005A448A /* P62048.swift */; };
		FB5718112695F460005A448A /* P67257.swift in Sources */ = {isa = PBXBuildFile; fileRef = FB5718102695F460005A448A /* P67257.swift */; };
		FB5718132697412D005A448A /* P72411.swift in Sources */ = {isa = PBXBuildFile; fileRef = FB5718122697412D005A448A /* P72411.swift */; };
		FB5718152698A586005A448A /* P12985.swift in Sources */ = {isa = PBXBuildFile; fileRef = FB5718142698A586005A448A /* P12985.swift */; };
		FB571817269AD563005A448A /* P81302.swift in Sources */ = {isa = PBXBuildFile; fileRef = FB571816269AD563005A448A /* P81302.swift */; };
		FBA8E50B269C860C00D3F973 /* P42888.swift in Sources */ = {isa = PBXBuildFile; fileRef = FBA8E50A269C860C00D3F973 /* P42888.swift */; };
		FBA8E50D269DE26100D3F973 /* P76502.swift in Sources */ = {isa = PBXBuildFile; fileRef = FBA8E50C269DE26100D3F973 /* P76502.swift */; };
/* End PBXBuildFile section */

/* Begin PBXCopyFilesBuildPhase section */
		FB5717DE2691FF65005A448A /* CopyFiles */ = {
			isa = PBXCopyFilesBuildPhase;
			buildActionMask = 2147483647;
			dstPath = /usr/share/man/man1/;
			dstSubfolderSpec = 0;
			files = (
			);
			runOnlyForDeploymentPostprocessing = 1;
		};
/* End PBXCopyFilesBuildPhase section */

/* Begin PBXFileReference section */
		FB2D972C26A06A0B0027FE06 /* P12981.swift */ = {isa = PBXFileReference; lastKnownFileType = sourcecode.swift; path = P12981.swift; sourceTree = "<group>"; };
		FB2D972E26A1BA880027FE06 /* Array+Combination.swift */ = {isa = PBXFileReference; lastKnownFileType = sourcecode.swift; path = "Array+Combination.swift"; sourceTree = "<group>"; };
		FB2D973226A1C7260027FE06 /* P42890.swift */ = {isa = PBXFileReference; lastKnownFileType = sourcecode.swift; path = P42890.swift; sourceTree = "<group>"; };
		FB2D973426A3C6400027FE06 /* P42583.swift */ = {isa = PBXFileReference; lastKnownFileType = sourcecode.swift; path = P42583.swift; sourceTree = "<group>"; };
		FB2D973626A59A470027FE06 /* P12978.swift */ = {isa = PBXFileReference; lastKnownFileType = sourcecode.swift; path = P12978.swift; sourceTree = "<group>"; };
		FB2D973826B29F380027FE06 /* P72412.swift */ = {isa = PBXFileReference; lastKnownFileType = sourcecode.swift; path = P72412.swift; sourceTree = "<group>"; };
		FB2D973A26B29F730027FE06 /* Array+BinarySearch.swift */ = {isa = PBXFileReference; lastKnownFileType = sourcecode.swift; path = "Array+BinarySearch.swift"; sourceTree = "<group>"; };
		FB2D973E26B3F2C30027FE06 /* P64065.swift */ = {isa = PBXFileReference; lastKnownFileType = sourcecode.swift; path = P64065.swift; sourceTree = "<group>"; };
		FB2D974226B7E1A30027FE06 /* P12913.swift */ = {isa = PBXFileReference; lastKnownFileType = sourcecode.swift; path = P12913.swift; sourceTree = "<group>"; };
		FB2D974426B975B60027FE06 /* P17680.swift */ = {isa = PBXFileReference; lastKnownFileType = sourcecode.swift; path = P17680.swift; sourceTree = "<group>"; };
		FB2D974626BADE100027FE06 /* P12980.swift */ = {isa = PBXFileReference; lastKnownFileType = sourcecode.swift; path = P12980.swift; sourceTree = "<group>"; };
		FB2D974826BBF9540027FE06 /* P12905.swift */ = {isa = PBXFileReference; lastKnownFileType = sourcecode.swift; path = P12905.swift; sourceTree = "<group>"; };
		FB2D974A26BD469F0027FE06 /* P82612.swift */ = {isa = PBXFileReference; lastKnownFileType = sourcecode.swift; path = P82612.swift; sourceTree = "<group>"; };
		FB2D974C26C292660027FE06 /* P83201.swift */ = {isa = PBXFileReference; lastKnownFileType = sourcecode.swift; path = P83201.swift; sourceTree = "<group>"; };
		FB2D974E26C51FFB0027FE06 /* P17687.swift */ = {isa = PBXFileReference; lastKnownFileType = sourcecode.swift; path = P17687.swift; sourceTree = "<group>"; };
		FB2D975026C6BB360027FE06 /* P17686.swift */ = {isa = PBXFileReference; lastKnownFileType = sourcecode.swift; path = P17686.swift; sourceTree = "<group>"; };
		FB2D975226C788710027FE06 /* Vivalavida.swift */ = {isa = PBXFileReference; lastKnownFileType = sourcecode.swift; path = Vivalavida.swift; sourceTree = "<group>"; };
		FB2D975426CBB95D0027FE06 /* P17684.swift */ = {isa = PBXFileReference; lastKnownFileType = sourcecode.swift; path = P17684.swift; sourceTree = "<group>"; };
		FB2D975626CBDF450027FE06 /* P17683.swift */ = {isa = PBXFileReference; lastKnownFileType = sourcecode.swift; path = P17683.swift; sourceTree = "<group>"; };
		FB5717E02691FF65005A448A /* Programmers */ = {isa = PBXFileReference; explicitFileType = "compiled.mach-o.executable"; includeInIndex = 0; path = Programmers; sourceTree = BUILT_PRODUCTS_DIR; };
		FB5717E32691FF65005A448A /* main.swift */ = {isa = PBXFileReference; lastKnownFileType = sourcecode.swift; path = main.swift; sourceTree = "<group>"; };
		FB5717EC2692033E005A448A /* P60057.swift */ = {isa = PBXFileReference; lastKnownFileType = sourcecode.swift; path = P60057.swift; sourceTree = "<group>"; };
		FB5717EE26920408005A448A /* P64061.swift */ = {isa = PBXFileReference; lastKnownFileType = sourcecode.swift; path = P64061.swift; sourceTree = "<group>"; };
		FB5717F026920468005A448A /* P17682.swift */ = {isa = PBXFileReference; lastKnownFileType = sourcecode.swift; path = P17682.swift; sourceTree = "<group>"; };
		FB5717F226920480005A448A /* P67256.swift */ = {isa = PBXFileReference; lastKnownFileType = sourcecode.swift; path = P67256.swift; sourceTree = "<group>"; };
		FB5717F426920497005A448A /* P70128.swift */ = {isa = PBXFileReference; lastKnownFileType = sourcecode.swift; path = P70128.swift; sourceTree = "<group>"; };
		FB5717F6269204B2005A448A /* P12977.swift */ = {isa = PBXFileReference; lastKnownFileType = sourcecode.swift; path = P12977.swift; sourceTree = "<group>"; };
		FB5717F8269204CC005A448A /* Int+isPrime.swift */ = {isa = PBXFileReference; lastKnownFileType = sourcecode.swift; path = "Int+isPrime.swift"; sourceTree = "<group>"; };
		FB5717FA26920512005A448A /* P72410.swift */ = {isa = PBXFileReference; lastKnownFileType = sourcecode.swift; path = P72410.swift; sourceTree = "<group>"; };
		FB5717FC2692053B005A448A /* P77484.swift */ = {isa = PBXFileReference; lastKnownFileType = sourcecode.swift; path = P77484.swift; sourceTree = "<group>"; };
		FB5717FE2692059C005A448A /* P76501.swift */ = {isa = PBXFileReference; lastKnownFileType = sourcecode.swift; path = P76501.swift; sourceTree = "<group>"; };
		FB571800269205C1005A448A /* P77884.swift */ = {isa = PBXFileReference; lastKnownFileType = sourcecode.swift; path = P77884.swift; sourceTree = "<group>"; };
		FB571802269205E5005A448A /* P68935.swift */ = {isa = PBXFileReference; lastKnownFileType = sourcecode.swift; path = P68935.swift; sourceTree = "<group>"; };
		FB5718042692060D005A448A /* P68644.swift */ = {isa = PBXFileReference; lastKnownFileType = sourcecode.swift; path = P68644.swift; sourceTree = "<group>"; };
		FB5718062692062F005A448A /* P17681.swift */ = {isa = PBXFileReference; lastKnownFileType = sourcecode.swift; path = P17681.swift; sourceTree = "<group>"; };
		FB57180826920648005A448A /* P12973.swift */ = {isa = PBXFileReference; lastKnownFileType = sourcecode.swift; path = P12973.swift; sourceTree = "<group>"; };
		FB57180C26920EFF005A448A /* P17677.swift */ = {isa = PBXFileReference; lastKnownFileType = sourcecode.swift; path = P17677.swift; sourceTree = "<group>"; };
		FB57180E26949330005A448A /* P62048.swift */ = {isa = PBXFileReference; lastKnownFileType = sourcecode.swift; path = P62048.swift; sourceTree = "<group>"; };
		FB5718102695F460005A448A /* P67257.swift */ = {isa = PBXFileReference; lastKnownFileType = sourcecode.swift; path = P67257.swift; sourceTree = "<group>"; };
		FB5718122697412D005A448A /* P72411.swift */ = {isa = PBXFileReference; lastKnownFileType = sourcecode.swift; path = P72411.swift; sourceTree = "<group>"; };
		FB5718142698A586005A448A /* P12985.swift */ = {isa = PBXFileReference; lastKnownFileType = sourcecode.swift; path = P12985.swift; sourceTree = "<group>"; };
		FB571816269AD563005A448A /* P81302.swift */ = {isa = PBXFileReference; lastKnownFileType = sourcecode.swift; path = P81302.swift; sourceTree = "<group>"; };
		FBA8E50A269C860C00D3F973 /* P42888.swift */ = {isa = PBXFileReference; lastKnownFileType = sourcecode.swift; path = P42888.swift; sourceTree = "<group>"; };
		FBA8E50C269DE26100D3F973 /* P76502.swift */ = {isa = PBXFileReference; lastKnownFileType = sourcecode.swift; path = P76502.swift; sourceTree = "<group>"; };
/* End PBXFileReference section */

/* Begin PBXFrameworksBuildPhase section */
		FB5717DD2691FF65005A448A /* Frameworks */ = {
			isa = PBXFrameworksBuildPhase;
			buildActionMask = 2147483647;
			files = (
			);
			runOnlyForDeploymentPostprocessing = 0;
		};
/* End PBXFrameworksBuildPhase section */

/* Begin PBXGroup section */
		FB5717D72691FF65005A448A = {
			isa = PBXGroup;
			children = (
				FB5717E22691FF65005A448A /* Programmers */,
				FB5717E12691FF65005A448A /* Products */,
			);
			sourceTree = "<group>";
		};
		FB5717E12691FF65005A448A /* Products */ = {
			isa = PBXGroup;
			children = (
				FB5717E02691FF65005A448A /* Programmers */,
			);
			name = Products;
			sourceTree = "<group>";
		};
		FB5717E22691FF65005A448A /* Programmers */ = {
			isa = PBXGroup;
			children = (
				FB5717E32691FF65005A448A /* main.swift */,
				FB5717EB2692031D005A448A /* Common */,
				FB5717EA26920313005A448A /* Problems */,
			);
			path = Programmers;
			sourceTree = "<group>";
		};
		FB5717EA26920313005A448A /* Problems */ = {
			isa = PBXGroup;
			children = (
				FB5717EC2692033E005A448A /* P60057.swift */,
				FB5717EE26920408005A448A /* P64061.swift */,
				FB5717F026920468005A448A /* P17682.swift */,
				FB5717F226920480005A448A /* P67256.swift */,
				FB5717F426920497005A448A /* P70128.swift */,
				FB5717F6269204B2005A448A /* P12977.swift */,
				FB5717FA26920512005A448A /* P72410.swift */,
				FB5717FC2692053B005A448A /* P77484.swift */,
				FB5717FE2692059C005A448A /* P76501.swift */,
				FB571800269205C1005A448A /* P77884.swift */,
				FB571802269205E5005A448A /* P68935.swift */,
				FB5718042692060D005A448A /* P68644.swift */,
				FB5718062692062F005A448A /* P17681.swift */,
				FB2D975026C6BB360027FE06 /* P17686.swift */,
				FB57180826920648005A448A /* P12973.swift */,
				FB57180C26920EFF005A448A /* P17677.swift */,
				FB57180E26949330005A448A /* P62048.swift */,
				FB5718102695F460005A448A /* P67257.swift */,
				FB5718122697412D005A448A /* P72411.swift */,
				FB5718142698A586005A448A /* P12985.swift */,
				FB571816269AD563005A448A /* P81302.swift */,
				FBA8E50A269C860C00D3F973 /* P42888.swift */,
				FBA8E50C269DE26100D3F973 /* P76502.swift */,
				FB2D972C26A06A0B0027FE06 /* P12981.swift */,
				FB2D973226A1C7260027FE06 /* P42890.swift */,
				FB2D973426A3C6400027FE06 /* P42583.swift */,
				FB2D973626A59A470027FE06 /* P12978.swift */,
				FB2D973826B29F380027FE06 /* P72412.swift */,
				FB2D975426CBB95D0027FE06 /* P17684.swift */,
				FB2D973E26B3F2C30027FE06 /* P64065.swift */,
				FB2D974226B7E1A30027FE06 /* P12913.swift */,
				FB2D974426B975B60027FE06 /* P17680.swift */,
				FB2D974626BADE100027FE06 /* P12980.swift */,
				FB2D974826BBF9540027FE06 /* P12905.swift */,
				FB2D974A26BD469F0027FE06 /* P82612.swift */,
				FB2D974C26C292660027FE06 /* P83201.swift */,
				FB2D974E26C51FFB0027FE06 /* P17687.swift */,
				FB2D975226C788710027FE06 /* Vivalavida.swift */,
				FB2D975626CBDF450027FE06 /* P17683.swift */,
			);
			path = Problems;
			sourceTree = "<group>";
		};
		FB5717EB2692031D005A448A /* Common */ = {
			isa = PBXGroup;
			children = (
				FB5717F8269204CC005A448A /* Int+isPrime.swift */,
				FB2D972E26A1BA880027FE06 /* Array+Combination.swift */,
				FB2D973A26B29F730027FE06 /* Array+BinarySearch.swift */,
			);
			path = Common;
			sourceTree = "<group>";
		};
/* End PBXGroup section */

/* Begin PBXNativeTarget section */
		FB5717DF2691FF65005A448A /* Programmers */ = {
			isa = PBXNativeTarget;
			buildConfigurationList = FB5717E72691FF65005A448A /* Build configuration list for PBXNativeTarget "Programmers" */;
			buildPhases = (
				FB5717DC2691FF65005A448A /* Sources */,
				FB5717DD2691FF65005A448A /* Frameworks */,
				FB5717DE2691FF65005A448A /* CopyFiles */,
			);
			buildRules = (
			);
			dependencies = (
			);
			name = Programmers;
			productName = Programmers;
			productReference = FB5717E02691FF65005A448A /* Programmers */;
			productType = "com.apple.product-type.tool";
		};
/* End PBXNativeTarget section */

/* Begin PBXProject section */
		FB5717D82691FF65005A448A /* Project object */ = {
			isa = PBXProject;
			attributes = {
				LastSwiftUpdateCheck = 1250;
				LastUpgradeCheck = 1250;
				TargetAttributes = {
					FB5717DF2691FF65005A448A = {
						CreatedOnToolsVersion = 12.5.1;
					};
				};
			};
			buildConfigurationList = FB5717DB2691FF65005A448A /* Build configuration list for PBXProject "Programmers" */;
			compatibilityVersion = "Xcode 9.3";
			developmentRegion = en;
			hasScannedForEncodings = 0;
			knownRegions = (
				en,
				Base,
			);
			mainGroup = FB5717D72691FF65005A448A;
			productRefGroup = FB5717E12691FF65005A448A /* Products */;
			projectDirPath = "";
			projectRoot = "";
			targets = (
				FB5717DF2691FF65005A448A /* Programmers */,
			);
		};
/* End PBXProject section */

/* Begin PBXSourcesBuildPhase section */
		FB5717DC2691FF65005A448A /* Sources */ = {
			isa = PBXSourcesBuildPhase;
			buildActionMask = 2147483647;
			files = (
				FB5717E42691FF65005A448A /* main.swift in Sources */,
				FB5717F326920480005A448A /* P67256.swift in Sources */,
				FB2D973726A59A470027FE06 /* P12978.swift in Sources */,
				FB5717EF26920408005A448A /* P64061.swift in Sources */,
				FB571803269205E5005A448A /* P68935.swift in Sources */,
				FB2D973526A3C6400027FE06 /* P42583.swift in Sources */,
				FB2D972F26A1BA880027FE06 /* Array+Combination.swift in Sources */,
				FB2D974326B7E1A30027FE06 /* P12913.swift in Sources */,
				FB2D973B26B29F730027FE06 /* Array+BinarySearch.swift in Sources */,
				FB571801269205C1005A448A /* P77884.swift in Sources */,
				FB5718152698A586005A448A /* P12985.swift in Sources */,
				FB2D974D26C292660027FE06 /* P83201.swift in Sources */,
				FB5718112695F460005A448A /* P67257.swift in Sources */,
				FB5717F526920497005A448A /* P70128.swift in Sources */,
				FB5717F7269204B2005A448A /* P12977.swift in Sources */,
				FB2D973326A1C7260027FE06 /* P42890.swift in Sources */,
				FB5718052692060D005A448A /* P68644.swift in Sources */,
				FB2D974926BBF9540027FE06 /* P12905.swift in Sources */,
				FB2D975326C788710027FE06 /* Vivalavida.swift in Sources */,
				FB5717FD2692053B005A448A /* P77484.swift in Sources */,
				FB5717FF2692059C005A448A /* P76501.swift in Sources */,
				FBA8E50B269C860C00D3F973 /* P42888.swift in Sources */,
				FB2D973926B29F380027FE06 /* P72412.swift in Sources */,
				FB2D974F26C51FFB0027FE06 /* P17687.swift in Sources */,
				FB5718072692062F005A448A /* P17681.swift in Sources */,
				FB2D975526CBB95D0027FE06 /* P17684.swift in Sources */,
				FB5717FB26920512005A448A /* P72410.swift in Sources */,
				FB2D974726BADE100027FE06 /* P12980.swift in Sources */,
				FBA8E50D269DE26100D3F973 /* P76502.swift in Sources */,
				FB57180D26920EFF005A448A /* P17677.swift in Sources */,
				FB5717F9269204CC005A448A /* Int+isPrime.swift in Sources */,
				FB57180F26949330005A448A /* P62048.swift in Sources */,
				FB2D972D26A06A0B0027FE06 /* P12981.swift in Sources */,
				FB2D975726CBDF450027FE06 /* P17683.swift in Sources */,
				FB5718132697412D005A448A /* P72411.swift in Sources */,
				FB57180926920648005A448A /* P12973.swift in Sources */,
				FB2D973F26B3F2C30027FE06 /* P64065.swift in Sources */,
				FB571817269AD563005A448A /* P81302.swift in Sources */,
				FB2D975126C6BB360027FE06 /* P17686.swift in Sources */,
				FB2D974B26BD469F0027FE06 /* P82612.swift in Sources */,
				FB2D974526B975B60027FE06 /* P17680.swift in Sources */,
				FB5717ED2692033E005A448A /* P60057.swift in Sources */,
				FB5717F126920468005A448A /* P17682.swift in Sources */,
			);
			runOnlyForDeploymentPostprocessing = 0;
		};
/* End PBXSourcesBuildPhase section */

/* Begin XCBuildConfiguration section */
		FB5717E52691FF65005A448A /* Debug */ = {
			isa = XCBuildConfiguration;
			buildSettings = {
				ALWAYS_SEARCH_USER_PATHS = NO;
				CLANG_ANALYZER_NONNULL = YES;
				CLANG_ANALYZER_NUMBER_OBJECT_CONVERSION = YES_AGGRESSIVE;
				CLANG_CXX_LANGUAGE_STANDARD = "gnu++14";
				CLANG_CXX_LIBRARY = "libc++";
				CLANG_ENABLE_MODULES = YES;
				CLANG_ENABLE_OBJC_ARC = YES;
				CLANG_ENABLE_OBJC_WEAK = YES;
				CLANG_WARN_BLOCK_CAPTURE_AUTORELEASING = YES;
				CLANG_WARN_BOOL_CONVERSION = YES;
				CLANG_WARN_COMMA = YES;
				CLANG_WARN_CONSTANT_CONVERSION = YES;
				CLANG_WARN_DEPRECATED_OBJC_IMPLEMENTATIONS = YES;
				CLANG_WARN_DIRECT_OBJC_ISA_USAGE = YES_ERROR;
				CLANG_WARN_DOCUMENTATION_COMMENTS = YES;
				CLANG_WARN_EMPTY_BODY = YES;
				CLANG_WARN_ENUM_CONVERSION = YES;
				CLANG_WARN_INFINITE_RECURSION = YES;
				CLANG_WARN_INT_CONVERSION = YES;
				CLANG_WARN_NON_LITERAL_NULL_CONVERSION = YES;
				CLANG_WARN_OBJC_IMPLICIT_RETAIN_SELF = YES;
				CLANG_WARN_OBJC_LITERAL_CONVERSION = YES;
				CLANG_WARN_OBJC_ROOT_CLASS = YES_ERROR;
				CLANG_WARN_QUOTED_INCLUDE_IN_FRAMEWORK_HEADER = YES;
				CLANG_WARN_RANGE_LOOP_ANALYSIS = YES;
				CLANG_WARN_STRICT_PROTOTYPES = YES;
				CLANG_WARN_SUSPICIOUS_MOVE = YES;
				CLANG_WARN_UNGUARDED_AVAILABILITY = YES_AGGRESSIVE;
				CLANG_WARN_UNREACHABLE_CODE = YES;
				CLANG_WARN__DUPLICATE_METHOD_MATCH = YES;
				COPY_PHASE_STRIP = NO;
				DEBUG_INFORMATION_FORMAT = dwarf;
				ENABLE_STRICT_OBJC_MSGSEND = YES;
				ENABLE_TESTABILITY = YES;
				GCC_C_LANGUAGE_STANDARD = gnu11;
				GCC_DYNAMIC_NO_PIC = NO;
				GCC_NO_COMMON_BLOCKS = YES;
				GCC_OPTIMIZATION_LEVEL = 0;
				GCC_PREPROCESSOR_DEFINITIONS = (
					"DEBUG=1",
					"$(inherited)",
				);
				GCC_WARN_64_TO_32_BIT_CONVERSION = YES;
				GCC_WARN_ABOUT_RETURN_TYPE = YES_ERROR;
				GCC_WARN_UNDECLARED_SELECTOR = YES;
				GCC_WARN_UNINITIALIZED_AUTOS = YES_AGGRESSIVE;
				GCC_WARN_UNUSED_FUNCTION = YES;
				GCC_WARN_UNUSED_VARIABLE = YES;
				MACOSX_DEPLOYMENT_TARGET = 11.2;
				MTL_ENABLE_DEBUG_INFO = INCLUDE_SOURCE;
				MTL_FAST_MATH = YES;
				ONLY_ACTIVE_ARCH = YES;
				SDKROOT = macosx;
				SWIFT_ACTIVE_COMPILATION_CONDITIONS = DEBUG;
				SWIFT_OPTIMIZATION_LEVEL = "-Onone";
			};
			name = Debug;
		};
		FB5717E62691FF65005A448A /* Release */ = {
			isa = XCBuildConfiguration;
			buildSettings = {
				ALWAYS_SEARCH_USER_PATHS = NO;
				CLANG_ANALYZER_NONNULL = YES;
				CLANG_ANALYZER_NUMBER_OBJECT_CONVERSION = YES_AGGRESSIVE;
				CLANG_CXX_LANGUAGE_STANDARD = "gnu++14";
				CLANG_CXX_LIBRARY = "libc++";
				CLANG_ENABLE_MODULES = YES;
				CLANG_ENABLE_OBJC_ARC = YES;
				CLANG_ENABLE_OBJC_WEAK = YES;
				CLANG_WARN_BLOCK_CAPTURE_AUTORELEASING = YES;
				CLANG_WARN_BOOL_CONVERSION = YES;
				CLANG_WARN_COMMA = YES;
				CLANG_WARN_CONSTANT_CONVERSION = YES;
				CLANG_WARN_DEPRECATED_OBJC_IMPLEMENTATIONS = YES;
				CLANG_WARN_DIRECT_OBJC_ISA_USAGE = YES_ERROR;
				CLANG_WARN_DOCUMENTATION_COMMENTS = YES;
				CLANG_WARN_EMPTY_BODY = YES;
				CLANG_WARN_ENUM_CONVERSION = YES;
				CLANG_WARN_INFINITE_RECURSION = YES;
				CLANG_WARN_INT_CONVERSION = YES;
				CLANG_WARN_NON_LITERAL_NULL_CONVERSION = YES;
				CLANG_WARN_OBJC_IMPLICIT_RETAIN_SELF = YES;
				CLANG_WARN_OBJC_LITERAL_CONVERSION = YES;
				CLANG_WARN_OBJC_ROOT_CLASS = YES_ERROR;
				CLANG_WARN_QUOTED_INCLUDE_IN_FRAMEWORK_HEADER = YES;
				CLANG_WARN_RANGE_LOOP_ANALYSIS = YES;
				CLANG_WARN_STRICT_PROTOTYPES = YES;
				CLANG_WARN_SUSPICIOUS_MOVE = YES;
				CLANG_WARN_UNGUARDED_AVAILABILITY = YES_AGGRESSIVE;
				CLANG_WARN_UNREACHABLE_CODE = YES;
				CLANG_WARN__DUPLICATE_METHOD_MATCH = YES;
				COPY_PHASE_STRIP = NO;
				DEBUG_INFORMATION_FORMAT = "dwarf-with-dsym";
				ENABLE_NS_ASSERTIONS = NO;
				ENABLE_STRICT_OBJC_MSGSEND = YES;
				GCC_C_LANGUAGE_STANDARD = gnu11;
				GCC_NO_COMMON_BLOCKS = YES;
				GCC_WARN_64_TO_32_BIT_CONVERSION = YES;
				GCC_WARN_ABOUT_RETURN_TYPE = YES_ERROR;
				GCC_WARN_UNDECLARED_SELECTOR = YES;
				GCC_WARN_UNINITIALIZED_AUTOS = YES_AGGRESSIVE;
				GCC_WARN_UNUSED_FUNCTION = YES;
				GCC_WARN_UNUSED_VARIABLE = YES;
				MACOSX_DEPLOYMENT_TARGET = 11.2;
				MTL_ENABLE_DEBUG_INFO = NO;
				MTL_FAST_MATH = YES;
				SDKROOT = macosx;
				SWIFT_COMPILATION_MODE = wholemodule;
				SWIFT_OPTIMIZATION_LEVEL = "-O";
			};
			name = Release;
		};
		FB5717E82691FF65005A448A /* Debug */ = {
			isa = XCBuildConfiguration;
			buildSettings = {
				CODE_SIGN_STYLE = Automatic;
				DEVELOPMENT_TEAM = BG5DA8S34C;
				ENABLE_HARDENED_RUNTIME = YES;
				PRODUCT_NAME = "$(TARGET_NAME)";
				SWIFT_VERSION = 5.0;
			};
			name = Debug;
		};
		FB5717E92691FF65005A448A /* Release */ = {
			isa = XCBuildConfiguration;
			buildSettings = {
				CODE_SIGN_STYLE = Automatic;
				DEVELOPMENT_TEAM = BG5DA8S34C;
				ENABLE_HARDENED_RUNTIME = YES;
				PRODUCT_NAME = "$(TARGET_NAME)";
				SWIFT_VERSION = 5.0;
			};
			name = Release;
		};
/* End XCBuildConfiguration section */

/* Begin XCConfigurationList section */
		FB5717DB2691FF65005A448A /* Build configuration list for PBXProject "Programmers" */ = {
			isa = XCConfigurationList;
			buildConfigurations = (
				FB5717E52691FF65005A448A /* Debug */,
				FB5717E62691FF65005A448A /* Release */,
			);
			defaultConfigurationIsVisible = 0;
			defaultConfigurationName = Release;
		};
		FB5717E72691FF65005A448A /* Build configuration list for PBXNativeTarget "Programmers" */ = {
			isa = XCConfigurationList;
			buildConfigurations = (
				FB5717E82691FF65005A448A /* Debug */,
				FB5717E92691FF65005A448A /* Release */,
			);
			defaultConfigurationIsVisible = 0;
			defaultConfigurationName = Release;
		};
/* End XCConfigurationList section */
	};
	rootObject = FB5717D82691FF65005A448A /* Project object */;
}
